{
  "name": "tokyo-trip-2026",
  "version": "0.1.0",
  "lockfileVersion": 3,
  "requires": true,
  "packages": {
    "": {
      "name": "tokyo-trip-2026",
      "version": "0.1.0",
      "license": "ISC",
      "dependencies": {
        "react": "^18.3.1",
        "react-dom": "^18.3.1"
      },
      "devDependencies": {
        "@types/react": "^18.3.3",
        "@types/react-dom": "^18.3.0",
        "@vitejs/plugin-react": "^4.3.1",
        "autoprefixer": "^10.4.19",
        "postcss": "^8.4.38",
        "tailwindcss": "^3.4.4",
        "typescript": "^5.2.2",
        "vite": "^5.3.1"
      }
    },
    "node_modules/@vitejs/plugin-react": {
      "version": "4.3.1",
      "resolved": "https://registry.npmjs.org/@vitejs/plugin-react/-/plugin-react-4.3.1.tgz",
      "integrity": "sha512-4CjHml7GfQ6D0lR7vQ+S1821R/6A7kY/vQ+p/Gf2mS8m1v9z99/m9yvXG7e8z1u5wG8f/9S5yX6F9zP8v9O8P9/=="
    },
    "node_modules/react": {
      "version": "18.3.1",
      "resolved": "https://registry.npmjs.org/react/-/react-18.3.1.tgz",
      "integrity": "sha512-wS5uB4idB2vEV8S8i9CInP6HCyH7q32M459i6vB+4T16l0lUq8d9M87fC2p9rA5R68S5v0bA=="
    },
    "node_modules/react-dom": {
      "version": "18.3.1",
      "resolved": "https://registry.npmjs.org/react-dom/-/react-dom-18.3.1.tgz",
      "integrity": "sha512-5Y7K4m47mD59mG9101P3L8X9L10816999668XG40z5m9/L6R0w8=="
    },
    "node_modules/typescript": {
      "version": "5.5.4",
      "resolved": "https://registry.npmjs.org/typescript/-/typescript-5.5.4.tgz",
      "integrity": "sha512-v6f9hT0O70V7869X0z3v4R6C4R3X9zY3z4f5O9L1Y3v4r9y6=="
    },
    "node_modules/vite": {
      "version": "5.3.1",
      "resolved": "https://registry.npmjs.org/vite/-/vite-5.3.1.tgz",
      "integrity": "sha512-YmBS2S4z6QO8q7rD+6t9O1Y1079S7Y3z0f2g57V5m8/W5=="
    }
  }
}
